
Microsoft Visual Studio Solution File, Format Version 12.00
# Visual Studio Version 17
VisualStudioVersion = 17.3.32922.545
MinimumVisualStudioVersion = 15.0.26124.0
Project("{2150E333-8FDC-42A3-9474-1A3956D46DE8}") = "Source", "Source", "{A41BF24E-C31B-46FC-9643-37063C2C8DC5}"
	ProjectSection(SolutionItems) = preProject
		src\Directory.Build.props = src\Directory.Build.props
		src\Directory.Build.targets = src\Directory.Build.targets
		src\SharedAssemblyInfo.cs = src\SharedAssemblyInfo.cs
	EndProjectSection
EndProject
Project("{9A19103F-16F7-4668-BE54-9A1E7A4F7556}") = "Annex", "src\Annex\Annex.csproj", "{084C8C5F-5B65-4D16-8182-2C7B2898E61E}"
EndProject
Project("{2150E333-8FDC-42A3-9474-1A3956D46DE8}") = "Test", "Test", "{3646AC8A-13BD-4570-B985-51E2C69AA6E8}"
	ProjectSection(SolutionItems) = preProject
		test\.editorconfig = test\.editorconfig
		test\Directory.Build.props = test\Directory.Build.props
		test\SharedAssemblyInfo.cs = test\SharedAssemblyInfo.cs
	EndProjectSection
EndProject
Project("{9A19103F-16F7-4668-BE54-9A1E7A4F7556}") = "Annex.Test", "test\Annex.Test\Annex.Test.csproj", "{1175394D-49DD-49D7-9C50-C671CF143D90}"
EndProject
Project("{2150E333-8FDC-42A3-9474-1A3956D46DE8}") = "Solution Items", "Solution Items", "{4432B788-92A3-4D7E-88FA-7D31448101C2}"
	ProjectSection(SolutionItems) = preProject
		.editorconfig = .editorconfig
		.gitattributes = .gitattributes
		.gitignore = .gitignore
		azure-pipelines.yml = azure-pipelines.yml
		build.cake = build.cake
		build.ps1 = build.ps1
		Directory.Build.props = Directory.Build.props
		FodyWeavers.xml = FodyWeavers.xml
		FodyWeavers.xsd = FodyWeavers.xsd
		global.json = global.json
		README.md = README.md
	EndProjectSection
EndProject
Project("{9A19103F-16F7-4668-BE54-9A1E7A4F7556}") = "Annex.Reactive", "src\Annex.Reactive\Annex.Reactive.csproj", "{D4138179-4942-4267-91B7-F43F4B881B86}"
EndProject
Project("{9A19103F-16F7-4668-BE54-9A1E7A4F7556}") = "Annex.Reactive.Test", "test\Annex.Reactive.Test\Annex.Reactive.Test.csproj", "{2E457CFD-B4B5-4A6C-8E51-E00F20F3A875}"
EndProject
Global
	GlobalSection(SolutionConfigurationPlatforms) = preSolution
		Debug|Any CPU = Debug|Any CPU
		Debug|x64 = Debug|x64
		Debug|x86 = Debug|x86
		Release|Any CPU = Release|Any CPU
		Release|x64 = Release|x64
		Release|x86 = Release|x86
	EndGlobalSection
	GlobalSection(ProjectConfigurationPlatforms) = postSolution
		{084C8C5F-5B65-4D16-8182-2C7B2898E61E}.Debug|Any CPU.ActiveCfg = Debug|Any CPU
		{084C8C5F-5B65-4D16-8182-2C7B2898E61E}.Debug|Any CPU.Build.0 = Debug|Any CPU
		{084C8C5F-5B65-4D16-8182-2C7B2898E61E}.Debug|x64.ActiveCfg = Debug|Any CPU
		{084C8C5F-5B65-4D16-8182-2C7B2898E61E}.Debug|x64.Build.0 = Debug|Any CPU
		{084C8C5F-5B65-4D16-8182-2C7B2898E61E}.Debug|x86.ActiveCfg = Debug|Any CPU
		{084C8C5F-5B65-4D16-8182-2C7B2898E61E}.Debug|x86.Build.0 = Debug|Any CPU
		{084C8C5F-5B65-4D16-8182-2C7B2898E61E}.Release|Any CPU.ActiveCfg = Release|Any CPU
		{084C8C5F-5B65-4D16-8182-2C7B2898E61E}.Release|Any CPU.Build.0 = Release|Any CPU
		{084C8C5F-5B65-4D16-8182-2C7B2898E61E}.Release|x64.ActiveCfg = Release|Any CPU
		{084C8C5F-5B65-4D16-8182-2C7B2898E61E}.Release|x64.Build.0 = Release|Any CPU
		{084C8C5F-5B65-4D16-8182-2C7B2898E61E}.Release|x86.ActiveCfg = Release|Any CPU
		{084C8C5F-5B65-4D16-8182-2C7B2898E61E}.Release|x86.Build.0 = Release|Any CPU
		{1175394D-49DD-49D7-9C50-C671CF143D90}.Debug|Any CPU.ActiveCfg = Debug|Any CPU
		{1175394D-49DD-49D7-9C50-C671CF143D90}.Debug|Any CPU.Build.0 = Debug|Any CPU
		{1175394D-49DD-49D7-9C50-C671CF143D90}.Debug|x64.ActiveCfg = Debug|Any CPU
		{1175394D-49DD-49D7-9C50-C671CF143D90}.Debug|x64.Build.0 = Debug|Any CPU
		{1175394D-49DD-49D7-9C50-C671CF143D90}.Debug|x86.ActiveCfg = Debug|Any CPU
		{1175394D-49DD-49D7-9C50-C671CF143D90}.Debug|x86.Build.0 = Debug|Any CPU
		{1175394D-49DD-49D7-9C50-C671CF143D90}.Release|Any CPU.ActiveCfg = Release|Any CPU
		{1175394D-49DD-49D7-9C50-C671CF143D90}.Release|Any CPU.Build.0 = Release|Any CPU
		{1175394D-49DD-49D7-9C50-C671CF143D90}.Release|x64.ActiveCfg = Release|Any CPU
		{1175394D-49DD-49D7-9C50-C671CF143D90}.Release|x64.Build.0 = Release|Any CPU
		{1175394D-49DD-49D7-9C50-C671CF143D90}.Release|x86.ActiveCfg = Release|Any CPU
		{1175394D-49DD-49D7-9C50-C671CF143D90}.Release|x86.Build.0 = Release|Any CPU
		{D4138179-4942-4267-91B7-F43F4B881B86}.Debug|Any CPU.ActiveCfg = Debug|Any CPU
		{D4138179-4942-4267-91B7-F43F4B881B86}.Debug|Any CPU.Build.0 = Debug|Any CPU
		{D4138179-4942-4267-91B7-F43F4B881B86}.Debug|x64.ActiveCfg = Debug|Any CPU
		{D4138179-4942-4267-91B7-F43F4B881B86}.Debug|x64.Build.0 = Debug|Any CPU
		{D4138179-4942-4267-91B7-F43F4B881B86}.Debug|x86.ActiveCfg = Debug|Any CPU
		{D4138179-4942-4267-91B7-F43F4B881B86}.Debug|x86.Build.0 = Debug|Any CPU
		{D4138179-4942-4267-91B7-F43F4B881B86}.Release|Any CPU.ActiveCfg = Release|Any CPU
		{D4138179-4942-4267-91B7-F43F4B881B86}.Release|Any CPU.Build.0 = Release|Any CPU
		{D4138179-4942-4267-91B7-F43F4B881B86}.Release|x64.ActiveCfg = Release|Any CPU
		{D4138179-4942-4267-91B7-F43F4B881B86}.Release|x64.Build.0 = Release|Any CPU
		{D4138179-4942-4267-91B7-F43F4B881B86}.Release|x86.ActiveCfg = Release|Any CPU
		{D4138179-4942-4267-91B7-F43F4B881B86}.Release|x86.Build.0 = Release|Any CPU
		{2E457CFD-B4B5-4A6C-8E51-E00F20F3A875}.Debug|Any CPU.ActiveCfg = Debug|Any CPU
		{2E457CFD-B4B5-4A6C-8E51-E00F20F3A875}.Debug|Any CPU.Build.0 = Debug|Any CPU
		{2E457CFD-B4B5-4A6C-8E51-E00F20F3A875}.Debug|x64.ActiveCfg = Debug|Any CPU
		{2E457CFD-B4B5-4A6C-8E51-E00F20F3A875}.Debug|x64.Build.0 = Debug|Any CPU
		{2E457CFD-B4B5-4A6C-8E51-E00F20F3A875}.Debug|x86.ActiveCfg = Debug|Any CPU
		{2E457CFD-B4B5-4A6C-8E51-E00F20F3A875}.Release|Any CPU.ActiveCfg = Release|Any CPU
		{2E457CFD-B4B5-4A6C-8E51-E00F20F3A875}.Release|Any CPU.Build.0 = Release|Any CPU
		{2E457CFD-B4B5-4A6C-8E51-E00F20F3A875}.Release|x64.ActiveCfg = Release|Any CPU
		{2E457CFD-B4B5-4A6C-8E51-E00F20F3A875}.Release|x64.Build.0 = Release|Any CPU
		{2E457CFD-B4B5-4A6C-8E51-E00F20F3A875}.Release|x86.ActiveCfg = Release|Any CPU
	EndGlobalSection
	GlobalSection(SolutionProperties) = preSolution
		HideSolutionNode = FALSE
	EndGlobalSection
	GlobalSection(NestedProjects) = preSolution
		{084C8C5F-5B65-4D16-8182-2C7B2898E61E} = {A41BF24E-C31B-46FC-9643-37063C2C8DC5}
		{1175394D-49DD-49D7-9C50-C671CF143D90} = {3646AC8A-13BD-4570-B985-51E2C69AA6E8}
		{D4138179-4942-4267-91B7-F43F4B881B86} = {A41BF24E-C31B-46FC-9643-37063C2C8DC5}
		{2E457CFD-B4B5-4A6C-8E51-E00F20F3A875} = {3646AC8A-13BD-4570-B985-51E2C69AA6E8}
	EndGlobalSection
	GlobalSection(ExtensibilityGlobals) = postSolution
		SolutionGuid = {DAA1D1C6-951D-44DF-8E88-57F773D46B6C}
	EndGlobalSection
EndGlobal
